
Microsoft Visual Studio Solution File, Format Version 12.00
# Visual Studio Version 17
VisualStudioVersion = 17.5.33424.131
MinimumVisualStudioVersion = 10.0.40219.1
Project("{FAE04EC0-301F-11D3-BF4B-00C04F79EFBC}") = "DockerBasics", "src\DockerBasics.csproj", "{74018BC6-E8F8-4DBA-BADD-72CD5E3A64E2}"
EndProject
Global
	GlobalSection(SolutionConfigurationPlatforms) = preSolution
		Debug|Any CPU = Debug|Any CPU
		Release|Any CPU = Release|Any CPU
	EndGlobalSection
	GlobalSection(ProjectConfigurationPlatforms) = postSolution
		{74018BC6-E8F8-4DBA-BADD-72CD5E3A64E2}.Debug|Any CPU.ActiveCfg = Debug|Any CPU
		{74018BC6-E8F8-4DBA-BADD-72CD5E3A64E2}.Debug|Any CPU.Build.0 = Debug|Any CPU
		{74018BC6-E8F8-4DBA-BADD-72CD5E3A64E2}.Release|Any CPU.ActiveCfg = Release|Any CPU
		{74018BC6-E8F8-4DBA-BADD-72CD5E3A64E2}.Release|Any CPU.Build.0 = Release|Any CPU
	EndGlobalSection
	GlobalSection(SolutionProperties) = preSolution
		HideSolutionNode = FALSE
	EndGlobalSection
	GlobalSection(ExtensibilityGlobals) = postSolution
		SolutionGuid = {C09639D6-FBBE-43FA-B18C-62BD09B7DCA5}
	EndGlobalSection
EndGlobal
